
Microsoft Visual Studio Solution File, Format Version 12.00
# Visual Studio Version 16
VisualStudioVersion = 16.0.30517.126
MinimumVisualStudioVersion = 10.0.40219.1
Project("{FAE04EC0-301F-11D3-BF4B-00C04F79EFBC}") = "UsingMediator", "UsingMediator\UsingMediator.csproj", "{8BA30A9E-0553-4176-917E-3E721DADDEE0}"
EndProject
Global
	GlobalSection(SolutionConfigurationPlatforms) = preSolution
		Debug|Any CPU = Debug|Any CPU
		Release|Any CPU = Release|Any CPU
	EndGlobalSection
	GlobalSection(ProjectConfigurationPlatforms) = postSolution
		{8BA30A9E-0553-4176-917E-3E721DADDEE0}.Debug|Any CPU.ActiveCfg = Debug|Any CPU
		{8BA30A9E-0553-4176-917E-3E721DADDEE0}.Debug|Any CPU.Build.0 = Debug|Any CPU
		{8BA30A9E-0553-4176-917E-3E721DADDEE0}.Release|Any CPU.ActiveCfg = Release|Any CPU
		{8BA30A9E-0553-4176-917E-3E721DADDEE0}.Release|Any CPU.Build.0 = Release|Any CPU
	EndGlobalSection
	GlobalSection(SolutionProperties) = preSolution
		HideSolutionNode = FALSE
	EndGlobalSection
	GlobalSection(ExtensibilityGlobals) = postSolution
		SolutionGuid = {B5CCDD25-B1CD-47C7-B831-DCF9878EDD28}
	EndGlobalSection
EndGlobal
